// !$*UTF8*$!
{
	archiveVersion = 1;
	classes = {
	};
	objectVersion = 48;
	objects = {

/* Begin PBXBuildFile section */
		5B3290F51FD53D8D00E3E72B /* AppDelegate.swift in Sources */ = {isa = PBXBuildFile; fileRef = 5B3290F41FD53D8D00E3E72B /* AppDelegate.swift */; };
		5B3290F71FD53D8D00E3E72B /* ViewController.swift in Sources */ = {isa = PBXBuildFile; fileRef = 5B3290F61FD53D8D00E3E72B /* ViewController.swift */; };
		5B3290FA1FD53D8D00E3E72B /* Main.storyboard in Resources */ = {isa = PBXBuildFile; fileRef = 5B3290F81FD53D8D00E3E72B /* Main.storyboard */; };
		5B3290FC1FD53D8D00E3E72B /* Assets.xcassets in Resources */ = {isa = PBXBuildFile; fileRef = 5B3290FB1FD53D8D00E3E72B /* Assets.xcassets */; };
		5B3290FF1FD53D8D00E3E72B /* LaunchScreen.storyboard in Resources */ = {isa = PBXBuildFile; fileRef = 5B3290FD1FD53D8D00E3E72B /* LaunchScreen.storyboard */; };
		9B7A8EEE62335D86BE0B18DC /* Pods_poc_GPSTracker.framework in Frameworks */ = {isa = PBXBuildFile; fileRef = 705EF4B1478608595E97A987 /* Pods_poc_GPSTracker.framework */; };
/* End PBXBuildFile section */

/* Begin PBXFileReference section */
		5B3290F11FD53D8D00E3E72B /* poc_GPSTracker.app */ = {isa = PBXFileReference; explicitFileType = wrapper.application; includeInIndex = 0; path = poc_GPSTracker.app; sourceTree = BUILT_PRODUCTS_DIR; };
		5B3290F41FD53D8D00E3E72B /* AppDelegate.swift */ = {isa = PBXFileReference; lastKnownFileType = sourcecode.swift; path = AppDelegate.swift; sourceTree = "<group>"; };
		5B3290F61FD53D8D00E3E72B /* ViewController.swift */ = {isa = PBXFileReference; lastKnownFileType = sourcecode.swift; path = ViewController.swift; sourceTree = "<group>"; };
		5B3290F91FD53D8D00E3E72B /* Base */ = {isa = PBXFileReference; lastKnownFileType = file.storyboard; name = Base; path = Base.lproj/Main.storyboard; sourceTree = "<group>"; };
		5B3290FB1FD53D8D00E3E72B /* Assets.xcassets */ = {isa = PBXFileReference; lastKnownFileType = folder.assetcatalog; path = Assets.xcassets; sourceTree = "<group>"; };
		5B3290FE1FD53D8D00E3E72B /* Base */ = {isa = PBXFileReference; lastKnownFileType = file.storyboard; name = Base; path = Base.lproj/LaunchScreen.storyboard; sourceTree = "<group>"; };
		5B3291001FD53D8D00E3E72B /* Info.plist */ = {isa = PBXFileReference; lastKnownFileType = text.plist.xml; path = Info.plist; sourceTree = "<group>"; };
		705EF4B1478608595E97A987 /* Pods_poc_GPSTracker.framework */ = {isa = PBXFileReference; explicitFileType = wrapper.framework; includeInIndex = 0; path = Pods_poc_GPSTracker.framework; sourceTree = BUILT_PRODUCTS_DIR; };
		9974D58944400AD1BFFDD144 /* Pods-poc_GPSTracker.debug.xcconfig */ = {isa = PBXFileReference; includeInIndex = 1; lastKnownFileType = text.xcconfig; name = "Pods-poc_GPSTracker.debug.xcconfig"; path = "Pods/Target Support Files/Pods-poc_GPSTracker/Pods-poc_GPSTracker.debug.xcconfig"; sourceTree = "<group>"; };
		C9E4BEB5A24DE3D30BC9CFCA /* Pods-poc_GPSTracker.release.xcconfig */ = {isa = PBXFileReference; includeInIndex = 1; lastKnownFileType = text.xcconfig; name = "Pods-poc_GPSTracker.release.xcconfig"; path = "Pods/Target Support Files/Pods-poc_GPSTracker/Pods-poc_GPSTracker.release.xcconfig"; sourceTree = "<group>"; };
/* End PBXFileReference section */

/* Begin PBXFrameworksBuildPhase section */
		5B3290EE1FD53D8D00E3E72B /* Frameworks */ = {
			isa = PBXFrameworksBuildPhase;
			buildActionMask = 2147483647;
			files = (
				9B7A8EEE62335D86BE0B18DC /* Pods_poc_GPSTracker.framework in Frameworks */,
			);
			runOnlyForDeploymentPostprocessing = 0;
		};
/* End PBXFrameworksBuildPhase section */

/* Begin PBXGroup section */
		572F7E764CCF5FFA709CFFA9 /* Frameworks */ = {
			isa = PBXGroup;
			children = (
				705EF4B1478608595E97A987 /* Pods_poc_GPSTracker.framework */,
			);
			name = Frameworks;
			sourceTree = "<group>";
		};
		5B3290E81FD53D8D00E3E72B = {
			isa = PBXGroup;
			children = (
				5B3290F31FD53D8D00E3E72B /* poc_GPSTracker */,
				5B3290F21FD53D8D00E3E72B /* Products */,
				727211765C66E81CFE0AC007 /* Pods */,
				572F7E764CCF5FFA709CFFA9 /* Frameworks */,
			);
			sourceTree = "<group>";
		};
		5B3290F21FD53D8D00E3E72B /* Products */ = {
			isa = PBXGroup;
			children = (
				5B3290F11FD53D8D00E3E72B /* poc_GPSTracker.app */,
			);
			name = Products;
			sourceTree = "<group>";
		};
		5B3290F31FD53D8D00E3E72B /* poc_GPSTracker */ = {
			isa = PBXGroup;
			children = (
				5B3290F41FD53D8D00E3E72B /* AppDelegate.swift */,
				5B3290F61FD53D8D00E3E72B /* ViewController.swift */,
				5B3290F81FD53D8D00E3E72B /* Main.storyboard */,
				5B3290FB1FD53D8D00E3E72B /* Assets.xcassets */,
				5B3290FD1FD53D8D00E3E72B /* LaunchScreen.storyboard */,
				5B3291001FD53D8D00E3E72B /* Info.plist */,
			);
			path = poc_GPSTracker;
			sourceTree = "<group>";
		};
		727211765C66E81CFE0AC007 /* Pods */ = {
			isa = PBXGroup;
			children = (
				9974D58944400AD1BFFDD144 /* Pods-poc_GPSTracker.debug.xcconfig */,
				C9E4BEB5A24DE3D30BC9CFCA /* Pods-poc_GPSTracker.release.xcconfig */,
			);
			name = Pods;
			sourceTree = "<group>";
		};
/* End PBXGroup section */

/* Begin PBXNativeTarget section */
		5B3290F01FD53D8D00E3E72B /* poc_GPSTracker */ = {
			isa = PBXNativeTarget;
			buildConfigurationList = 5B3291031FD53D8D00E3E72B /* Build configuration list for PBXNativeTarget "poc_GPSTracker" */;
			buildPhases = (
				9BA8D40D762EE6F8A4A03ED5 /* [CP] Check Pods Manifest.lock */,
				5B3290ED1FD53D8D00E3E72B /* Sources */,
				5B3290EE1FD53D8D00E3E72B /* Frameworks */,
				5B3290EF1FD53D8D00E3E72B /* Resources */,
				4C6E9AACBED552D6063E0D64 /* [CP] Embed Pods Frameworks */,
				B2E12819B0DD9C4F22645929 /* [CP] Copy Pods Resources */,
			);
			buildRules = (
			);
			dependencies = (
			);
			name = poc_GPSTracker;
			productName = poc_GPSTracker;
			productReference = 5B3290F11FD53D8D00E3E72B /* poc_GPSTracker.app */;
			productType = "com.apple.product-type.application";
		};
/* End PBXNativeTarget section */

/* Begin PBXProject section */
		5B3290E91FD53D8D00E3E72B /* Project object */ = {
			isa = PBXProject;
			attributes = {
				LastSwiftUpdateCheck = 0910;
				LastUpgradeCheck = 0910;
				ORGANIZATIONNAME = "Ramon Schriks";
				TargetAttributes = {
					5B3290F01FD53D8D00E3E72B = {
						CreatedOnToolsVersion = 9.1;
						ProvisioningStyle = Automatic;
						SystemCapabilities = {
							com.apple.BackgroundModes = {
								enabled = 1;
							};
						};
					};
				};
			};
			buildConfigurationList = 5B3290EC1FD53D8D00E3E72B /* Build configuration list for PBXProject "poc_GPSTracker" */;
			compatibilityVersion = "Xcode 8.0";
			developmentRegion = en;
			hasScannedForEncodings = 0;
			knownRegions = (
				en,
				Base,
			);
			mainGroup = 5B3290E81FD53D8D00E3E72B;
			productRefGroup = 5B3290F21FD53D8D00E3E72B /* Products */;
			projectDirPath = "";
			projectRoot = "";
			targets = (
				5B3290F01FD53D8D00E3E72B /* poc_GPSTracker */,
			);
		};
/* End PBXProject section */

/* Begin PBXResourcesBuildPhase section */
		5B3290EF1FD53D8D00E3E72B /* Resources */ = {
			isa = PBXResourcesBuildPhase;
			buildActionMask = 2147483647;
			files = (
				5B3290FF1FD53D8D00E3E72B /* LaunchScreen.storyboard in Resources */,
				5B3290FC1FD53D8D00E3E72B /* Assets.xcassets in Resources */,
				5B3290FA1FD53D8D00E3E72B /* Main.storyboard in Resources */,
			);
			runOnlyForDeploymentPostprocessing = 0;
		};
/* End PBXResourcesBuildPhase section */

/* Begin PBXShellScriptBuildPhase section */
		4C6E9AACBED552D6063E0D64 /* [CP] Embed Pods Frameworks */ = {
			isa = PBXShellScriptBuildPhase;
			buildActionMask = 2147483647;
			files = (
			);
			inputPaths = (
			);
			name = "[CP] Embed Pods Frameworks";
			outputPaths = (
			);
			runOnlyForDeploymentPostprocessing = 0;
			shellPath = /bin/sh;
			shellScript = "\"${SRCROOT}/Pods/Target Support Files/Pods-poc_GPSTracker/Pods-poc_GPSTracker-frameworks.sh\"\n";
			showEnvVarsInLog = 0;
		};
		9BA8D40D762EE6F8A4A03ED5 /* [CP] Check Pods Manifest.lock */ = {
			isa = PBXShellScriptBuildPhase;
			buildActionMask = 2147483647;
			files = (
			);
			inputPaths = (
				"${PODS_PODFILE_DIR_PATH}/Podfile.lock",
				"${PODS_ROOT}/Manifest.lock",
			);
			name = "[CP] Check Pods Manifest.lock";
			outputPaths = (
				"$(DERIVED_FILE_DIR)/Pods-poc_GPSTracker-checkManifestLockResult.txt",
			);
			runOnlyForDeploymentPostprocessing = 0;
			shellPath = /bin/sh;
			shellScript = "diff \"${PODS_PODFILE_DIR_PATH}/Podfile.lock\" \"${PODS_ROOT}/Manifest.lock\" > /dev/null\nif [ $? != 0 ] ; then\n    # print error to STDERR\n    echo \"error: The sandbox is not in sync with the Podfile.lock. Run 'pod install' or update your CocoaPods installation.\" >&2\n    exit 1\nfi\n# This output is used by Xcode 'outputs' to avoid re-running this script phase.\necho \"SUCCESS\" > \"${SCRIPT_OUTPUT_FILE_0}\"\n";
			showEnvVarsInLog = 0;
		};
		B2E12819B0DD9C4F22645929 /* [CP] Copy Pods Resources */ = {
			isa = PBXShellScriptBuildPhase;
			buildActionMask = 2147483647;
			files = (
			);
			inputPaths = (
				"${SRCROOT}/Pods/Target Support Files/Pods-poc_GPSTracker/Pods-poc_GPSTracker-resources.sh",
				"${PODS_ROOT}/GoogleMaps/Maps/Frameworks/GoogleMaps.framework/Resources/GoogleMaps.bundle",
				"${PODS_ROOT}/GooglePlaces/Frameworks/GooglePlaces.framework/Resources/GooglePlaces.bundle",
			);
			name = "[CP] Copy Pods Resources";
			outputPaths = (
				"${TARGET_BUILD_DIR}/${UNLOCALIZED_RESOURCES_FOLDER_PATH}",
			);
			runOnlyForDeploymentPostprocessing = 0;
			shellPath = /bin/sh;
			shellScript = "\"${SRCROOT}/Pods/Target Support Files/Pods-poc_GPSTracker/Pods-poc_GPSTracker-resources.sh\"\n";
			showEnvVarsInLog = 0;
		};
/* End PBXShellScriptBuildPhase section */

/* Begin PBXSourcesBuildPhase section */
		5B3290ED1FD53D8D00E3E72B /* Sources */ = {
			isa = PBXSourcesBuildPhase;
			buildActionMask = 2147483647;
			files = (
				5B3290F71FD53D8D00E3E72B /* ViewController.swift in Sources */,
				5B3290F51FD53D8D00E3E72B /* AppDelegate.swift in Sources */,
			);
			runOnlyForDeploymentPostprocessing = 0;
		};
/* End PBXSourcesBuildPhase section */

/* Begin PBXVariantGroup section */
		5B3290F81FD53D8D00E3E72B /* Main.storyboard */ = {
			isa = PBXVariantGroup;
			children = (
				5B3290F91FD53D8D00E3E72B /* Base */,
			);
			name = Main.storyboard;
			sourceTree = "<group>";
		};
		5B3290FD1FD53D8D00E3E72B /* LaunchScreen.storyboard */ = {
			isa = PBXVariantGroup;
			children = (
				5B3290FE1FD53D8D00E3E72B /* Base */,
			);
			name = LaunchScreen.storyboard;
			sourceTree = "<group>";
		};
/* End PBXVariantGroup section */

/* Begin XCBuildConfiguration section */
		5B3291011FD53D8D00E3E72B /* Debug */ = {
			isa = XCBuildConfiguration;
			buildSettings = {
				ALWAYS_SEARCH_USER_PATHS = NO;
				CLANG_ANALYZER_NONNULL = YES;
				CLANG_ANALYZER_NUMBER_OBJECT_CONVERSION = YES_AGGRESSIVE;
				CLANG_CXX_LANGUAGE_STANDARD = "gnu++14";
				CLANG_CXX_LIBRARY = "libc++";
				CLANG_ENABLE_MODULES = YES;
				CLANG_ENABLE_OBJC_ARC = YES;
				CLANG_WARN_BLOCK_CAPTURE_AUTORELEASING = YES;
				CLANG_WARN_BOOL_CONVERSION = YES;
				CLANG_WARN_COMMA = YES;
				CLANG_WARN_CONSTANT_CONVERSION = YES;
				CLANG_WARN_DIRECT_OBJC_ISA_USAGE = YES_ERROR;
				CLANG_WARN_DOCUMENTATION_COMMENTS = YES;
				CLANG_WARN_EMPTY_BODY = YES;
				CLANG_WARN_ENUM_CONVERSION = YES;
				CLANG_WARN_INFINITE_RECURSION = YES;
				CLANG_WARN_INT_CONVERSION = YES;
				CLANG_WARN_NON_LITERAL_NULL_CONVERSION = YES;
				CLANG_WARN_OBJC_LITERAL_CONVERSION = YES;
				CLANG_WARN_OBJC_ROOT_CLASS = YES_ERROR;
				CLANG_WARN_RANGE_LOOP_ANALYSIS = YES;
				CLANG_WARN_STRICT_PROTOTYPES = YES;
				CLANG_WARN_SUSPICIOUS_MOVE = YES;
				CLANG_WARN_UNGUARDED_AVAILABILITY = YES_AGGRESSIVE;
				CLANG_WARN_UNREACHABLE_CODE = YES;
				CLANG_WARN__DUPLICATE_METHOD_MATCH = YES;
				CODE_SIGN_IDENTITY = "iPhone Developer";
				COPY_PHASE_STRIP = NO;
				DEBUG_INFORMATION_FORMAT = dwarf;
				ENABLE_STRICT_OBJC_MSGSEND = YES;
				ENABLE_TESTABILITY = YES;
				GCC_C_LANGUAGE_STANDARD = gnu11;
				GCC_DYNAMIC_NO_PIC = NO;
				GCC_NO_COMMON_BLOCKS = YES;
				GCC_OPTIMIZATION_LEVEL = 0;
				GCC_PREPROCESSOR_DEFINITIONS = (
					"DEBUG=1",
					"$(inherited)",
				);
				GCC_WARN_64_TO_32_BIT_CONVERSION = YES;
				GCC_WARN_ABOUT_RETURN_TYPE = YES_ERROR;
				GCC_WARN_UNDECLARED_SELECTOR = YES;
				GCC_WARN_UNINITIALIZED_AUTOS = YES_AGGRESSIVE;
				GCC_WARN_UNUSED_FUNCTION = YES;
				GCC_WARN_UNUSED_VARIABLE = YES;
				IPHONEOS_DEPLOYMENT_TARGET = 11.1;
				MTL_ENABLE_DEBUG_INFO = YES;
				ONLY_ACTIVE_ARCH = YES;
				SDKROOT = iphoneos;
				SWIFT_ACTIVE_COMPILATION_CONDITIONS = DEBUG;
				SWIFT_OPTIMIZATION_LEVEL = "-Onone";
			};
			name = Debug;
		};
		5B3291021FD53D8D00E3E72B /* Release */ = {
			isa = XCBuildConfiguration;
			buildSettings = {
				ALWAYS_SEARCH_USER_PATHS = NO;
				CLANG_ANALYZER_NONNULL = YES;
				CLANG_ANALYZER_NUMBER_OBJECT_CONVERSION = YES_AGGRESSIVE;
				CLANG_CXX_LANGUAGE_STANDARD = "gnu++14";
				CLANG_CXX_LIBRARY = "libc++";
				CLANG_ENABLE_MODULES = YES;
				CLANG_ENABLE_OBJC_ARC = YES;
				CLANG_WARN_BLOCK_CAPTURE_AUTORELEASING = YES;
				CLANG_WARN_BOOL_CONVERSION = YES;
				CLANG_WARN_COMMA = YES;
				CLANG_WARN_CONSTANT_CONVERSION = YES;
				CLANG_WARN_DIRECT_OBJC_ISA_USAGE = YES_ERROR;
				CLANG_WARN_DOCUMENTATION_COMMENTS = YES;
				CLANG_WARN_EMPTY_BODY = YES;
				CLANG_WARN_ENUM_CONVERSION = YES;
				CLANG_WARN_INFINITE_RECURSION = YES;
				CLANG_WARN_INT_CONVERSION = YES;
				CLANG_WARN_NON_LITERAL_NULL_CONVERSION = YES;
				CLANG_WARN_OBJC_LITERAL_CONVERSION = YES;
				CLANG_WARN_OBJC_ROOT_CLASS = YES_ERROR;
				CLANG_WARN_RANGE_LOOP_ANALYSIS = YES;
				CLANG_WARN_STRICT_PROTOTYPES = YES;
				CLANG_WARN_SUSPICIOUS_MOVE = YES;
				CLANG_WARN_UNGUARDED_AVAILABILITY = YES_AGGRESSIVE;
				CLANG_WARN_UNREACHABLE_CODE = YES;
				CLANG_WARN__DUPLICATE_METHOD_MATCH = YES;
				CODE_SIGN_IDENTITY = "iPhone Developer";
				COPY_PHASE_STRIP = NO;
				DEBUG_INFORMATION_FORMAT = "dwarf-with-dsym";
				ENABLE_NS_ASSERTIONS = NO;
				ENABLE_STRICT_OBJC_MSGSEND = YES;
				GCC_C_LANGUAGE_STANDARD = gnu11;
				GCC_NO_COMMON_BLOCKS = YES;
				GCC_WARN_64_TO_32_BIT_CONVERSION = YES;
				GCC_WARN_ABOUT_RETURN_TYPE = YES_ERROR;
				GCC_WARN_UNDECLARED_SELECTOR = YES;
				GCC_WARN_UNINITIALIZED_AUTOS = YES_AGGRESSIVE;
				GCC_WARN_UNUSED_FUNCTION = YES;
				GCC_WARN_UNUSED_VARIABLE = YES;
				IPHONEOS_DEPLOYMENT_TARGET = 11.1;
				MTL_ENABLE_DEBUG_INFO = NO;
				SDKROOT = iphoneos;
				SWIFT_OPTIMIZATION_LEVEL = "-Owholemodule";
				VALIDATE_PRODUCT = YES;
			};
			name = Release;
		};
		5B3291041FD53D8D00E3E72B /* Debug */ = {
			isa = XCBuildConfiguration;
			baseConfigurationReference = 9974D58944400AD1BFFDD144 /* Pods-poc_GPSTracker.debug.xcconfig */;
			buildSettings = {
				ASSETCATALOG_COMPILER_APPICON_NAME = AppIcon;
				CODE_SIGN_STYLE = Automatic;
				DEVELOPMENT_TEAM = 84VM5F8YU8;
				INFOPLIST_FILE = poc_GPSTracker/Info.plist;
				LD_RUNPATH_SEARCH_PATHS = "$(inherited) @executable_path/Frameworks";
				PRODUCT_BUNDLE_IDENTIFIER = "nl.ica.han.poc-GPSTracker";
				PRODUCT_NAME = "$(TARGET_NAME)";
				SWIFT_VERSION = 4.0;
				TARGETED_DEVICE_FAMILY = "1,2";
			};
			name = Debug;
		};
		5B3291051FD53D8D00E3E72B /* Release */ = {
			isa = XCBuildConfiguration;
			baseConfigurationReference = C9E4BEB5A24DE3D30BC9CFCA /* Pods-poc_GPSTracker.release.xcconfig */;
			buildSettings = {
				ASSETCATALOG_COMPILER_APPICON_NAME = AppIcon;
				CODE_SIGN_STYLE = Automatic;
				DEVELOPMENT_TEAM = 84VM5F8YU8;
				INFOPLIST_FILE = poc_GPSTracker/Info.plist;
				LD_RUNPATH_SEARCH_PATHS = "$(inherited) @executable_path/Frameworks";
				PRODUCT_BUNDLE_IDENTIFIER = "nl.ica.han.poc-GPSTracker";
				PRODUCT_NAME = "$(TARGET_NAME)";
				SWIFT_VERSION = 4.0;
				TARGETED_DEVICE_FAMILY = "1,2";
			};
			name = Release;
		};
/* End XCBuildConfiguration section */

/* Begin XCConfigurationList section */
		5B3290EC1FD53D8D00E3E72B /* Build configuration list for PBXProject "poc_GPSTracker" */ = {
			isa = XCConfigurationList;
			buildConfigurations = (
				5B3291011FD53D8D00E3E72B /* Debug */,
				5B3291021FD53D8D00E3E72B /* Release */,
			);
			defaultConfigurationIsVisible = 0;
			defaultConfigurationName = Release;
		};
		5B3291031FD53D8D00E3E72B /* Build configuration list for PBXNativeTarget "poc_GPSTracker" */ = {
			isa = XCConfigurationList;
			buildConfigurations = (
				5B3291041FD53D8D00E3E72B /* Debug */,
				5B3291051FD53D8D00E3E72B /* Release */,
			);
			defaultConfigurationIsVisible = 0;
			defaultConfigurationName = Release;
		};
/* End XCConfigurationList section */
	};
	rootObject = 5B3290E91FD53D8D00E3E72B /* Project object */;
}
